// !$*UTF8*$!
{
	archiveVersion = 1;
	classes = {
	};
	objectVersion = 56;
	objects = {

/* Begin PBXBuildFile section */
		F46CBA1D2B0D44F8008FD716 /* UpdateAvailabilityView.swift in Sources */ = {isa = PBXBuildFile; fileRef = F46CBA1C2B0D44F8008FD716 /* UpdateAvailabilityView.swift */; };
		F46CBA1F2B0D5F26008FD716 /* BrowseProvidersDistViewModel.swift in Sources */ = {isa = PBXBuildFile; fileRef = F46CBA1E2B0D5F26008FD716 /* BrowseProvidersDistViewModel.swift */; };
		F46CBA212B0DA1D6008FD716 /* ServiceProvidersModel.swift in Sources */ = {isa = PBXBuildFile; fileRef = F46CBA202B0DA1D6008FD716 /* ServiceProvidersModel.swift */; };
		F48B65172B12A49D008AF6E8 /* StarsView.swift in Sources */ = {isa = PBXBuildFile; fileRef = F48B65162B12A49D008AF6E8 /* StarsView.swift */; };
		F4B8258C2B08678400E015B2 /* Cosmo_MockupApp.swift in Sources */ = {isa = PBXBuildFile; fileRef = F4B8258B2B08678400E015B2 /* Cosmo_MockupApp.swift */; };
		F4B8258E2B08678400E015B2 /* WelcomeView.swift in Sources */ = {isa = PBXBuildFile; fileRef = F4B8258D2B08678400E015B2 /* WelcomeView.swift */; };
		F4B825902B08678500E015B2 /* Assets.xcassets in Resources */ = {isa = PBXBuildFile; fileRef = F4B8258F2B08678500E015B2 /* Assets.xcassets */; };
		F4B825942B08678500E015B2 /* Preview Assets.xcassets in Resources */ = {isa = PBXBuildFile; fileRef = F4B825932B08678500E015B2 /* Preview Assets.xcassets */; };
		F4B8259B2B08694E00E015B2 /* ProfessionalView.swift in Sources */ = {isa = PBXBuildFile; fileRef = F4B8259A2B08694E00E015B2 /* ProfessionalView.swift */; };
		F4B8259D2B08A83700E015B2 /* BookingsView.swift in Sources */ = {isa = PBXBuildFile; fileRef = F4B8259C2B08A83700E015B2 /* BookingsView.swift */; };
		F4B825A12B08B29E00E015B2 /* BookingsModel.swift in Sources */ = {isa = PBXBuildFile; fileRef = F4B825A02B08B29E00E015B2 /* BookingsModel.swift */; };
		F4E72AF92B16503C0006416B /* ClientView.swift in Sources */ = {isa = PBXBuildFile; fileRef = F4E72AF82B16503C0006416B /* ClientView.swift */; };
		F4E72AFB2B1651E90006416B /* BrowseProvidersServViewModel.swift in Sources */ = {isa = PBXBuildFile; fileRef = F4E72AFA2B1651E90006416B /* BrowseProvidersServViewModel.swift */; };
		F4E72AFD2B16524B0006416B /* BrowseProviderView.swift in Sources */ = {isa = PBXBuildFile; fileRef = F4E72AFC2B16524B0006416B /* BrowseProviderView.swift */; };
		F4E72AFF2B1654210006416B /* BrowseServicesView.swift in Sources */ = {isa = PBXBuildFile; fileRef = F4E72AFE2B1654210006416B /* BrowseServicesView.swift */; };
		F4E72B012B1660EB0006416B /* BlankView.swift in Sources */ = {isa = PBXBuildFile; fileRef = F4E72B002B1660EB0006416B /* BlankView.swift */; };
/* End PBXBuildFile section */

/* Begin PBXFileReference section */
		F46CBA1C2B0D44F8008FD716 /* UpdateAvailabilityView.swift */ = {isa = PBXFileReference; lastKnownFileType = sourcecode.swift; path = UpdateAvailabilityView.swift; sourceTree = "<group>"; };
		F46CBA1E2B0D5F26008FD716 /* BrowseProvidersDistViewModel.swift */ = {isa = PBXFileReference; lastKnownFileType = sourcecode.swift; path = BrowseProvidersDistViewModel.swift; sourceTree = "<group>"; };
		F46CBA202B0DA1D6008FD716 /* ServiceProvidersModel.swift */ = {isa = PBXFileReference; lastKnownFileType = sourcecode.swift; path = ServiceProvidersModel.swift; sourceTree = "<group>"; };
		F48B65162B12A49D008AF6E8 /* StarsView.swift */ = {isa = PBXFileReference; lastKnownFileType = sourcecode.swift; path = StarsView.swift; sourceTree = "<group>"; };
		F4B825882B08678400E015B2 /* Cosmo_Mockup.app */ = {isa = PBXFileReference; explicitFileType = wrapper.application; includeInIndex = 0; path = Cosmo_Mockup.app; sourceTree = BUILT_PRODUCTS_DIR; };
		F4B8258B2B08678400E015B2 /* Cosmo_MockupApp.swift */ = {isa = PBXFileReference; lastKnownFileType = sourcecode.swift; path = Cosmo_MockupApp.swift; sourceTree = "<group>"; };
		F4B8258D2B08678400E015B2 /* WelcomeView.swift */ = {isa = PBXFileReference; lastKnownFileType = sourcecode.swift; path = WelcomeView.swift; sourceTree = "<group>"; };
		F4B8258F2B08678500E015B2 /* Assets.xcassets */ = {isa = PBXFileReference; lastKnownFileType = folder.assetcatalog; path = Assets.xcassets; sourceTree = "<group>"; };
		F4B825912B08678500E015B2 /* Cosmo_Mockup.entitlements */ = {isa = PBXFileReference; lastKnownFileType = text.plist.entitlements; path = Cosmo_Mockup.entitlements; sourceTree = "<group>"; };
		F4B825932B08678500E015B2 /* Preview Assets.xcassets */ = {isa = PBXFileReference; lastKnownFileType = folder.assetcatalog; path = "Preview Assets.xcassets"; sourceTree = "<group>"; };
		F4B8259A2B08694E00E015B2 /* ProfessionalView.swift */ = {isa = PBXFileReference; lastKnownFileType = sourcecode.swift; path = ProfessionalView.swift; sourceTree = "<group>"; };
		F4B8259C2B08A83700E015B2 /* BookingsView.swift */ = {isa = PBXFileReference; lastKnownFileType = sourcecode.swift; path = BookingsView.swift; sourceTree = "<group>"; };
		F4B825A02B08B29E00E015B2 /* BookingsModel.swift */ = {isa = PBXFileReference; lastKnownFileType = sourcecode.swift; path = BookingsModel.swift; sourceTree = "<group>"; };
		F4E72AF82B16503C0006416B /* ClientView.swift */ = {isa = PBXFileReference; lastKnownFileType = sourcecode.swift; path = ClientView.swift; sourceTree = "<group>"; };
		F4E72AFA2B1651E90006416B /* BrowseProvidersServViewModel.swift */ = {isa = PBXFileReference; lastKnownFileType = sourcecode.swift; path = BrowseProvidersServViewModel.swift; sourceTree = "<group>"; };
		F4E72AFC2B16524B0006416B /* BrowseProviderView.swift */ = {isa = PBXFileReference; lastKnownFileType = sourcecode.swift; path = BrowseProviderView.swift; sourceTree = "<group>"; };
		F4E72AFE2B1654210006416B /* BrowseServicesView.swift */ = {isa = PBXFileReference; lastKnownFileType = sourcecode.swift; path = BrowseServicesView.swift; sourceTree = "<group>"; };
		F4E72B002B1660EB0006416B /* BlankView.swift */ = {isa = PBXFileReference; lastKnownFileType = sourcecode.swift; path = BlankView.swift; sourceTree = "<group>"; };
/* End PBXFileReference section */

/* Begin PBXFrameworksBuildPhase section */
		F4B825852B08678400E015B2 /* Frameworks */ = {
			isa = PBXFrameworksBuildPhase;
			buildActionMask = 2147483647;
			files = (
			);
			runOnlyForDeploymentPostprocessing = 0;
		};
/* End PBXFrameworksBuildPhase section */

/* Begin PBXGroup section */
		F4B8257F2B08678400E015B2 = {
			isa = PBXGroup;
			children = (
				F4B8258A2B08678400E015B2 /* Cosmo_Mockup */,
				F4B825892B08678400E015B2 /* Products */,
			);
			sourceTree = "<group>";
		};
		F4B825892B08678400E015B2 /* Products */ = {
			isa = PBXGroup;
			children = (
				F4B825882B08678400E015B2 /* Cosmo_Mockup.app */,
			);
			name = Products;
			sourceTree = "<group>";
		};
		F4B8258A2B08678400E015B2 /* Cosmo_Mockup */ = {
			isa = PBXGroup;
			children = (
				F46CBA202B0DA1D6008FD716 /* ServiceProvidersModel.swift */,
				F4E72AFC2B16524B0006416B /* BrowseProviderView.swift */,
				F4B8258B2B08678400E015B2 /* Cosmo_MockupApp.swift */,
				F46CBA1E2B0D5F26008FD716 /* BrowseProvidersDistViewModel.swift */,
				F4E72AFA2B1651E90006416B /* BrowseProvidersServViewModel.swift */,
				F4E72AFE2B1654210006416B /* BrowseServicesView.swift */,
				F48B65162B12A49D008AF6E8 /* StarsView.swift */,
				F4B8258D2B08678400E015B2 /* WelcomeView.swift */,
				F4E72AF82B16503C0006416B /* ClientView.swift */,
				F4E72B002B1660EB0006416B /* BlankView.swift */,
				F4B8259A2B08694E00E015B2 /* ProfessionalView.swift */,
				F46CBA1C2B0D44F8008FD716 /* UpdateAvailabilityView.swift */,
				F4B8259C2B08A83700E015B2 /* BookingsView.swift */,
				F4B825A02B08B29E00E015B2 /* BookingsModel.swift */,
				F4B8258F2B08678500E015B2 /* Assets.xcassets */,
				F4B825912B08678500E015B2 /* Cosmo_Mockup.entitlements */,
				F4B825922B08678500E015B2 /* Preview Content */,
			);
			path = Cosmo_Mockup;
			sourceTree = "<group>";
		};
		F4B825922B08678500E015B2 /* Preview Content */ = {
			isa = PBXGroup;
			children = (
				F4B825932B08678500E015B2 /* Preview Assets.xcassets */,
			);
			path = "Preview Content";
			sourceTree = "<group>";
		};
/* End PBXGroup section */

/* Begin PBXNativeTarget section */
		F4B825872B08678400E015B2 /* Cosmo_Mockup */ = {
			isa = PBXNativeTarget;
			buildConfigurationList = F4B825972B08678500E015B2 /* Build configuration list for PBXNativeTarget "Cosmo_Mockup" */;
			buildPhases = (
				F4B825842B08678400E015B2 /* Sources */,
				F4B825852B08678400E015B2 /* Frameworks */,
				F4B825862B08678400E015B2 /* Resources */,
			);
			buildRules = (
			);
			dependencies = (
			);
			name = Cosmo_Mockup;
			productName = Cosmo_Mockup;
			productReference = F4B825882B08678400E015B2 /* Cosmo_Mockup.app */;
			productType = "com.apple.product-type.application";
		};
/* End PBXNativeTarget section */

/* Begin PBXProject section */
		F4B825802B08678400E015B2 /* Project object */ = {
			isa = PBXProject;
			attributes = {
				BuildIndependentTargetsInParallel = 1;
				LastSwiftUpdateCheck = 1500;
				LastUpgradeCheck = 1500;
				TargetAttributes = {
					F4B825872B08678400E015B2 = {
						CreatedOnToolsVersion = 15.0.1;
					};
				};
			};
			buildConfigurationList = F4B825832B08678400E015B2 /* Build configuration list for PBXProject "Cosmo_Mockup" */;
			compatibilityVersion = "Xcode 14.0";
			developmentRegion = en;
			hasScannedForEncodings = 0;
			knownRegions = (
				en,
				Base,
			);
			mainGroup = F4B8257F2B08678400E015B2;
			productRefGroup = F4B825892B08678400E015B2 /* Products */;
			projectDirPath = "";
			projectRoot = "";
			targets = (
				F4B825872B08678400E015B2 /* Cosmo_Mockup */,
			);
		};
/* End PBXProject section */

/* Begin PBXResourcesBuildPhase section */
		F4B825862B08678400E015B2 /* Resources */ = {
			isa = PBXResourcesBuildPhase;
			buildActionMask = 2147483647;
			files = (
				F4B825942B08678500E015B2 /* Preview Assets.xcassets in Resources */,
				F4B825902B08678500E015B2 /* Assets.xcassets in Resources */,
			);
			runOnlyForDeploymentPostprocessing = 0;
		};
/* End PBXResourcesBuildPhase section */

/* Begin PBXSourcesBuildPhase section */
		F4B825842B08678400E015B2 /* Sources */ = {
			isa = PBXSourcesBuildPhase;
			buildActionMask = 2147483647;
			files = (
				F46CBA1D2B0D44F8008FD716 /* UpdateAvailabilityView.swift in Sources */,
				F4E72AF92B16503C0006416B /* ClientView.swift in Sources */,
				F4B8259D2B08A83700E015B2 /* BookingsView.swift in Sources */,
				F48B65172B12A49D008AF6E8 /* StarsView.swift in Sources */,
				F4B8258E2B08678400E015B2 /* WelcomeView.swift in Sources */,
				F4E72AFB2B1651E90006416B /* BrowseProvidersServViewModel.swift in Sources */,
				F4B8259B2B08694E00E015B2 /* ProfessionalView.swift in Sources */,
				F4B8258C2B08678400E015B2 /* Cosmo_MockupApp.swift in Sources */,
				F4B825A12B08B29E00E015B2 /* BookingsModel.swift in Sources */,
				F4E72AFD2B16524B0006416B /* BrowseProviderView.swift in Sources */,
				F46CBA212B0DA1D6008FD716 /* ServiceProvidersModel.swift in Sources */,
				F4E72AFF2B1654210006416B /* BrowseServicesView.swift in Sources */,
				F46CBA1F2B0D5F26008FD716 /* BrowseProvidersDistViewModel.swift in Sources */,
				F4E72B012B1660EB0006416B /* BlankView.swift in Sources */,
			);
			runOnlyForDeploymentPostprocessing = 0;
		};
/* End PBXSourcesBuildPhase section */

/* Begin XCBuildConfiguration section */
		F4B825952B08678500E015B2 /* Debug */ = {
			isa = XCBuildConfiguration;
			buildSettings = {
				ALWAYS_SEARCH_USER_PATHS = NO;
				ASSETCATALOG_COMPILER_GENERATE_SWIFT_ASSET_SYMBOL_EXTENSIONS = YES;
				CLANG_ANALYZER_NONNULL = YES;
				CLANG_ANALYZER_NUMBER_OBJECT_CONVERSION = YES_AGGRESSIVE;
				CLANG_CXX_LANGUAGE_STANDARD = "gnu++20";
				CLANG_ENABLE_MODULES = YES;
				CLANG_ENABLE_OBJC_ARC = YES;
				CLANG_ENABLE_OBJC_WEAK = YES;
				CLANG_WARN_BLOCK_CAPTURE_AUTORELEASING = YES;
				CLANG_WARN_BOOL_CONVERSION = YES;
				CLANG_WARN_COMMA = YES;
				CLANG_WARN_CONSTANT_CONVERSION = YES;
				CLANG_WARN_DEPRECATED_OBJC_IMPLEMENTATIONS = YES;
				CLANG_WARN_DIRECT_OBJC_ISA_USAGE = YES_ERROR;
				CLANG_WARN_DOCUMENTATION_COMMENTS = YES;
				CLANG_WARN_EMPTY_BODY = YES;
				CLANG_WARN_ENUM_CONVERSION = YES;
				CLANG_WARN_INFINITE_RECURSION = YES;
				CLANG_WARN_INT_CONVERSION = YES;
				CLANG_WARN_NON_LITERAL_NULL_CONVERSION = YES;
				CLANG_WARN_OBJC_IMPLICIT_RETAIN_SELF = YES;
				CLANG_WARN_OBJC_LITERAL_CONVERSION = YES;
				CLANG_WARN_OBJC_ROOT_CLASS = YES_ERROR;
				CLANG_WARN_QUOTED_INCLUDE_IN_FRAMEWORK_HEADER = YES;
				CLANG_WARN_RANGE_LOOP_ANALYSIS = YES;
				CLANG_WARN_STRICT_PROTOTYPES = YES;
				CLANG_WARN_SUSPICIOUS_MOVE = YES;
				CLANG_WARN_UNGUARDED_AVAILABILITY = YES_AGGRESSIVE;
				CLANG_WARN_UNREACHABLE_CODE = YES;
				CLANG_WARN__DUPLICATE_METHOD_MATCH = YES;
				COPY_PHASE_STRIP = NO;
				DEBUG_INFORMATION_FORMAT = dwarf;
				ENABLE_STRICT_OBJC_MSGSEND = YES;
				ENABLE_TESTABILITY = YES;
				ENABLE_USER_SCRIPT_SANDBOXING = YES;
				GCC_C_LANGUAGE_STANDARD = gnu17;
				GCC_DYNAMIC_NO_PIC = NO;
				GCC_NO_COMMON_BLOCKS = YES;
				GCC_OPTIMIZATION_LEVEL = 0;
				GCC_PREPROCESSOR_DEFINITIONS = (
					"DEBUG=1",
					"$(inherited)",
				);
				GCC_WARN_64_TO_32_BIT_CONVERSION = YES;
				GCC_WARN_ABOUT_RETURN_TYPE = YES_ERROR;
				GCC_WARN_UNDECLARED_SELECTOR = YES;
				GCC_WARN_UNINITIALIZED_AUTOS = YES_AGGRESSIVE;
				GCC_WARN_UNUSED_FUNCTION = YES;
				GCC_WARN_UNUSED_VARIABLE = YES;
				LOCALIZATION_PREFERS_STRING_CATALOGS = YES;
				MTL_ENABLE_DEBUG_INFO = INCLUDE_SOURCE;
				MTL_FAST_MATH = YES;
				ONLY_ACTIVE_ARCH = YES;
				SWIFT_ACTIVE_COMPILATION_CONDITIONS = "DEBUG $(inherited)";
				SWIFT_OPTIMIZATION_LEVEL = "-Onone";
			};
			name = Debug;
		};
		F4B825962B08678500E015B2 /* Release */ = {
			isa = XCBuildConfiguration;
			buildSettings = {
				ALWAYS_SEARCH_USER_PATHS = NO;
				ASSETCATALOG_COMPILER_GENERATE_SWIFT_ASSET_SYMBOL_EXTENSIONS = YES;
				CLANG_ANALYZER_NONNULL = YES;
				CLANG_ANALYZER_NUMBER_OBJECT_CONVERSION = YES_AGGRESSIVE;
				CLANG_CXX_LANGUAGE_STANDARD = "gnu++20";
				CLANG_ENABLE_MODULES = YES;
				CLANG_ENABLE_OBJC_ARC = YES;
				CLANG_ENABLE_OBJC_WEAK = YES;
				CLANG_WARN_BLOCK_CAPTURE_AUTORELEASING = YES;
				CLANG_WARN_BOOL_CONVERSION = YES;
				CLANG_WARN_COMMA = YES;
				CLANG_WARN_CONSTANT_CONVERSION = YES;
				CLANG_WARN_DEPRECATED_OBJC_IMPLEMENTATIONS = YES;
				CLANG_WARN_DIRECT_OBJC_ISA_USAGE = YES_ERROR;
				CLANG_WARN_DOCUMENTATION_COMMENTS = YES;
				CLANG_WARN_EMPTY_BODY = YES;
				CLANG_WARN_ENUM_CONVERSION = YES;
				CLANG_WARN_INFINITE_RECURSION = YES;
				CLANG_WARN_INT_CONVERSION = YES;
				CLANG_WARN_NON_LITERAL_NULL_CONVERSION = YES;
				CLANG_WARN_OBJC_IMPLICIT_RETAIN_SELF = YES;
				CLANG_WARN_OBJC_LITERAL_CONVERSION = YES;
				CLANG_WARN_OBJC_ROOT_CLASS = YES_ERROR;
				CLANG_WARN_QUOTED_INCLUDE_IN_FRAMEWORK_HEADER = YES;
				CLANG_WARN_RANGE_LOOP_ANALYSIS = YES;
				CLANG_WARN_STRICT_PROTOTYPES = YES;
				CLANG_WARN_SUSPICIOUS_MOVE = YES;
				CLANG_WARN_UNGUARDED_AVAILABILITY = YES_AGGRESSIVE;
				CLANG_WARN_UNREACHABLE_CODE = YES;
				CLANG_WARN__DUPLICATE_METHOD_MATCH = YES;
				COPY_PHASE_STRIP = NO;
				DEBUG_INFORMATION_FORMAT = "dwarf-with-dsym";
				ENABLE_NS_ASSERTIONS = NO;
				ENABLE_STRICT_OBJC_MSGSEND = YES;
				ENABLE_USER_SCRIPT_SANDBOXING = YES;
				GCC_C_LANGUAGE_STANDARD = gnu17;
				GCC_NO_COMMON_BLOCKS = YES;
				GCC_WARN_64_TO_32_BIT_CONVERSION = YES;
				GCC_WARN_ABOUT_RETURN_TYPE = YES_ERROR;
				GCC_WARN_UNDECLARED_SELECTOR = YES;
				GCC_WARN_UNINITIALIZED_AUTOS = YES_AGGRESSIVE;
				GCC_WARN_UNUSED_FUNCTION = YES;
				GCC_WARN_UNUSED_VARIABLE = YES;
				LOCALIZATION_PREFERS_STRING_CATALOGS = YES;
				MTL_ENABLE_DEBUG_INFO = NO;
				MTL_FAST_MATH = YES;
				SWIFT_COMPILATION_MODE = wholemodule;
			};
			name = Release;
		};
		F4B825982B08678500E015B2 /* Debug */ = {
			isa = XCBuildConfiguration;
			buildSettings = {
				ASSETCATALOG_COMPILER_APPICON_NAME = AppIcon;
				ASSETCATALOG_COMPILER_GLOBAL_ACCENT_COLOR_NAME = AccentColor;
				CODE_SIGN_ENTITLEMENTS = Cosmo_Mockup/Cosmo_Mockup.entitlements;
				CODE_SIGN_STYLE = Automatic;
				CURRENT_PROJECT_VERSION = 1;
				DEVELOPMENT_ASSET_PATHS = "\"Cosmo_Mockup/Preview Content\"";
				ENABLE_PREVIEWS = YES;
				GENERATE_INFOPLIST_FILE = YES;
				"INFOPLIST_KEY_UIApplicationSceneManifest_Generation[sdk=iphoneos*]" = YES;
				"INFOPLIST_KEY_UIApplicationSceneManifest_Generation[sdk=iphonesimulator*]" = YES;
				"INFOPLIST_KEY_UIApplicationSupportsIndirectInputEvents[sdk=iphoneos*]" = YES;
				"INFOPLIST_KEY_UIApplicationSupportsIndirectInputEvents[sdk=iphonesimulator*]" = YES;
				"INFOPLIST_KEY_UILaunchScreen_Generation[sdk=iphoneos*]" = YES;
				"INFOPLIST_KEY_UILaunchScreen_Generation[sdk=iphonesimulator*]" = YES;
				"INFOPLIST_KEY_UIStatusBarStyle[sdk=iphoneos*]" = UIStatusBarStyleDefault;
				"INFOPLIST_KEY_UIStatusBarStyle[sdk=iphonesimulator*]" = UIStatusBarStyleDefault;
				INFOPLIST_KEY_UISupportedInterfaceOrientations_iPad = "UIInterfaceOrientationPortrait UIInterfaceOrientationPortraitUpsideDown UIInterfaceOrientationLandscapeLeft UIInterfaceOrientationLandscapeRight";
				INFOPLIST_KEY_UISupportedInterfaceOrientations_iPhone = "UIInterfaceOrientationPortrait UIInterfaceOrientationLandscapeLeft UIInterfaceOrientationLandscapeRight";
				IPHONEOS_DEPLOYMENT_TARGET = 17.0;
				LD_RUNPATH_SEARCH_PATHS = "@executable_path/Frameworks";
				"LD_RUNPATH_SEARCH_PATHS[sdk=macosx*]" = "@executable_path/../Frameworks";
				MACOSX_DEPLOYMENT_TARGET = 14.0;
				MARKETING_VERSION = 1.0;
				PRODUCT_BUNDLE_IDENTIFIER = "com.JRomero.Cosmo-Mockup";
				PRODUCT_NAME = "$(TARGET_NAME)";
				SDKROOT = auto;
				SUPPORTED_PLATFORMS = "iphoneos iphonesimulator macosx";
				SWIFT_EMIT_LOC_STRINGS = YES;
				SWIFT_VERSION = 5.0;
				TARGETED_DEVICE_FAMILY = "1,2";
			};
			name = Debug;
		};
		F4B825992B08678500E015B2 /* Release */ = {
			isa = XCBuildConfiguration;
			buildSettings = {
				ASSETCATALOG_COMPILER_APPICON_NAME = AppIcon;
				ASSETCATALOG_COMPILER_GLOBAL_ACCENT_COLOR_NAME = AccentColor;
				CODE_SIGN_ENTITLEMENTS = Cosmo_Mockup/Cosmo_Mockup.entitlements;
				CODE_SIGN_STYLE = Automatic;
				CURRENT_PROJECT_VERSION = 1;
				DEVELOPMENT_ASSET_PATHS = "\"Cosmo_Mockup/Preview Content\"";
				ENABLE_PREVIEWS = YES;
				GENERATE_INFOPLIST_FILE = YES;
				"INFOPLIST_KEY_UIApplicationSceneManifest_Generation[sdk=iphoneos*]" = YES;
				"INFOPLIST_KEY_UIApplicationSceneManifest_Generation[sdk=iphonesimulator*]" = YES;
				"INFOPLIST_KEY_UIApplicationSupportsIndirectInputEvents[sdk=iphoneos*]" = YES;
				"INFOPLIST_KEY_UIApplicationSupportsIndirectInputEvents[sdk=iphonesimulator*]" = YES;
				"INFOPLIST_KEY_UILaunchScreen_Generation[sdk=iphoneos*]" = YES;
				"INFOPLIST_KEY_UILaunchScreen_Generation[sdk=iphonesimulator*]" = YES;
				"INFOPLIST_KEY_UIStatusBarStyle[sdk=iphoneos*]" = UIStatusBarStyleDefault;
				"INFOPLIST_KEY_UIStatusBarStyle[sdk=iphonesimulator*]" = UIStatusBarStyleDefault;
				INFOPLIST_KEY_UISupportedInterfaceOrientations_iPad = "UIInterfaceOrientationPortrait UIInterfaceOrientationPortraitUpsideDown UIInterfaceOrientationLandscapeLeft UIInterfaceOrientationLandscapeRight";
				INFOPLIST_KEY_UISupportedInterfaceOrientations_iPhone = "UIInterfaceOrientationPortrait UIInterfaceOrientationLandscapeLeft UIInterfaceOrientationLandscapeRight";
				IPHONEOS_DEPLOYMENT_TARGET = 17.0;
				LD_RUNPATH_SEARCH_PATHS = "@executable_path/Frameworks";
				"LD_RUNPATH_SEARCH_PATHS[sdk=macosx*]" = "@executable_path/../Frameworks";
				MACOSX_DEPLOYMENT_TARGET = 14.0;
				MARKETING_VERSION = 1.0;
				PRODUCT_BUNDLE_IDENTIFIER = "com.JRomero.Cosmo-Mockup";
				PRODUCT_NAME = "$(TARGET_NAME)";
				SDKROOT = auto;
				SUPPORTED_PLATFORMS = "iphoneos iphonesimulator macosx";
				SWIFT_EMIT_LOC_STRINGS = YES;
				SWIFT_VERSION = 5.0;
				TARGETED_DEVICE_FAMILY = "1,2";
			};
			name = Release;
		};
/* End XCBuildConfiguration section */

/* Begin XCConfigurationList section */
		F4B825832B08678400E015B2 /* Build configuration list for PBXProject "Cosmo_Mockup" */ = {
			isa = XCConfigurationList;
			buildConfigurations = (
				F4B825952B08678500E015B2 /* Debug */,
				F4B825962B08678500E015B2 /* Release */,
			);
			defaultConfigurationIsVisible = 0;
			defaultConfigurationName = Release;
		};
		F4B825972B08678500E015B2 /* Build configuration list for PBXNativeTarget "Cosmo_Mockup" */ = {
			isa = XCConfigurationList;
			buildConfigurations = (
				F4B825982B08678500E015B2 /* Debug */,
				F4B825992B08678500E015B2 /* Release */,
			);
			defaultConfigurationIsVisible = 0;
			defaultConfigurationName = Release;
		};
/* End XCConfigurationList section */
	};
	rootObject = F4B825802B08678400E015B2 /* Project object */;
}
